
Microsoft Visual Studio Solution File, Format Version 12.00
# Visual Studio 15
VisualStudioVersion = 15.0.28307.168
MinimumVisualStudioVersion = 10.0.40219.1
Project("{9A19103F-16F7-4668-BE54-9A1E7A4F7556}") = "ImplementandoHealthcheck.Api", "ImplementandoHealthcheck.Api\ImplementandoHealthcheck.Api.csproj", "{D0F9996B-A78E-40D9-AA9F-D3882B281AB2}"
EndProject
Project("{E53339B2-1760-4266-BCC7-CA923CBCF16C}") = "docker-compose", "docker-compose.dcproj", "{42838153-7FFB-4748-93DB-6A0D33665D79}"
EndProject
Project("{FAE04EC0-301F-11D3-BF4B-00C04F79EFBC}") = "ImplementandoHealthcheck.Carga", "ImplementandoHealthcheck.Carga\ImplementandoHealthcheck.Carga.csproj", "{5FFF29A6-4B39-4380-85BA-BFDBA82243B1}"
EndProject
Global
	GlobalSection(SolutionConfigurationPlatforms) = preSolution
		Debug|Any CPU = Debug|Any CPU
		Release|Any CPU = Release|Any CPU
	EndGlobalSection
	GlobalSection(ProjectConfigurationPlatforms) = postSolution
		{D0F9996B-A78E-40D9-AA9F-D3882B281AB2}.Debug|Any CPU.ActiveCfg = Debug|Any CPU
		{D0F9996B-A78E-40D9-AA9F-D3882B281AB2}.Debug|Any CPU.Build.0 = Debug|Any CPU
		{D0F9996B-A78E-40D9-AA9F-D3882B281AB2}.Release|Any CPU.ActiveCfg = Release|Any CPU
		{D0F9996B-A78E-40D9-AA9F-D3882B281AB2}.Release|Any CPU.Build.0 = Release|Any CPU
		{42838153-7FFB-4748-93DB-6A0D33665D79}.Debug|Any CPU.ActiveCfg = Debug|Any CPU
		{42838153-7FFB-4748-93DB-6A0D33665D79}.Debug|Any CPU.Build.0 = Debug|Any CPU
		{42838153-7FFB-4748-93DB-6A0D33665D79}.Release|Any CPU.ActiveCfg = Release|Any CPU
		{42838153-7FFB-4748-93DB-6A0D33665D79}.Release|Any CPU.Build.0 = Release|Any CPU
		{5FFF29A6-4B39-4380-85BA-BFDBA82243B1}.Debug|Any CPU.ActiveCfg = Debug|Any CPU
		{5FFF29A6-4B39-4380-85BA-BFDBA82243B1}.Debug|Any CPU.Build.0 = Debug|Any CPU
		{5FFF29A6-4B39-4380-85BA-BFDBA82243B1}.Release|Any CPU.ActiveCfg = Release|Any CPU
		{5FFF29A6-4B39-4380-85BA-BFDBA82243B1}.Release|Any CPU.Build.0 = Release|Any CPU
	EndGlobalSection
	GlobalSection(SolutionProperties) = preSolution
		HideSolutionNode = FALSE
	EndGlobalSection
	GlobalSection(ExtensibilityGlobals) = postSolution
		SolutionGuid = {CFD5945B-58F9-444E-8CA6-AC548B0855F6}
	EndGlobalSection
EndGlobal
